{
  "name": "swiftdrive",
  "lockfileVersion": 3,
  "requires": true,
  "packages": {
    "": {
      "dependencies": {
        "@getbrevo/brevo": "^5.0.4"
      }
    },
    "node_modules/@getbrevo/brevo": {
      "version": "5.0.4",
      "resolved": "https://registry.npmjs.org/@getbrevo/brevo/-/brevo-5.0.4.tgz",
      "integrity": "sha512-wN4mHE6O0Pb/d/Dh3E4MAm2zCHbLLUcFF8/wgwTeMPy9KzHBYLu7S/nsJbzd0AWL09MHn8vwue8ULL9YOzluOQ==",
      "engines": {
        "node": ">=18.0.0"
      }
    }
  }
}
